
Microsoft Visual Studio Solution File, Format Version 12.00
# Visual Studio Version 17
VisualStudioVersion = 17.7.34221.43
MinimumVisualStudioVersion = 10.0.40219.1
Project("{FAE04EC0-301F-11D3-BF4B-00C04F79EFBC}") = "Hello", "Hello.csproj", "{3DE56B9B-22F8-4563-A54B-E8D2EEE6FB74}"
EndProject
Global
	GlobalSection(SolutionConfigurationPlatforms) = preSolution
		Debug|Any CPU = Debug|Any CPU
		Release|Any CPU = Release|Any CPU
	EndGlobalSection
	GlobalSection(ProjectConfigurationPlatforms) = postSolution
		{3DE56B9B-22F8-4563-A54B-E8D2EEE6FB74}.Debug|Any CPU.ActiveCfg = Debug|Any CPU
		{3DE56B9B-22F8-4563-A54B-E8D2EEE6FB74}.Debug|Any CPU.Build.0 = Debug|Any CPU
		{3DE56B9B-22F8-4563-A54B-E8D2EEE6FB74}.Release|Any CPU.ActiveCfg = Release|Any CPU
		{3DE56B9B-22F8-4563-A54B-E8D2EEE6FB74}.Release|Any CPU.Build.0 = Release|Any CPU
	EndGlobalSection
	GlobalSection(SolutionProperties) = preSolution
		HideSolutionNode = FALSE
	EndGlobalSection
	GlobalSection(ExtensibilityGlobals) = postSolution
		SolutionGuid = {DC6DE42C-FFCB-4A53-8921-AB3D80AD96AA}
	EndGlobalSection
EndGlobal
