
Microsoft Visual Studio Solution File, Format Version 12.00
# Visual Studio Version 17
VisualStudioVersion = 17.7.34221.43
MinimumVisualStudioVersion = 10.0.40219.1
Project("{FAE04EC0-301F-11D3-BF4B-00C04F79EFBC}") = "MiniJogo", "MiniJogo.csproj", "{5B1ED38A-8978-4032-BF92-7B94B1522832}"
EndProject
Global
	GlobalSection(SolutionConfigurationPlatforms) = preSolution
		Debug|Any CPU = Debug|Any CPU
		Release|Any CPU = Release|Any CPU
	EndGlobalSection
	GlobalSection(ProjectConfigurationPlatforms) = postSolution
		{5B1ED38A-8978-4032-BF92-7B94B1522832}.Debug|Any CPU.ActiveCfg = Debug|Any CPU
		{5B1ED38A-8978-4032-BF92-7B94B1522832}.Debug|Any CPU.Build.0 = Debug|Any CPU
		{5B1ED38A-8978-4032-BF92-7B94B1522832}.Release|Any CPU.ActiveCfg = Release|Any CPU
		{5B1ED38A-8978-4032-BF92-7B94B1522832}.Release|Any CPU.Build.0 = Release|Any CPU
	EndGlobalSection
	GlobalSection(SolutionProperties) = preSolution
		HideSolutionNode = FALSE
	EndGlobalSection
	GlobalSection(ExtensibilityGlobals) = postSolution
		SolutionGuid = {A3A26AB7-0944-40BB-AFBF-BB6DA5BDD5D1}
	EndGlobalSection
EndGlobal
